{
    "name": "zone-js-bug-reproduction",
    "version": "1.0.0",
    "lockfileVersion": 2,
    "requires": true,
    "packages": {
        "": {
            "name": "zone-js-bug-reproduction",
            "version": "1.0.0",
            "dependencies": {
                "zone.js": "^0.11.8"
            }
        },
        "node_modules/tslib": {
            "version": "2.4.0",
            "license": "0BSD"
        },
        "node_modules/zone.js": {
            "version": "0.11.8",
            "resolved": "https://npm.b2bpolis.ru/zone.js/-/zone.js-0.11.8.tgz",
            "integrity": "sha512-82bctBg2hKcEJ21humWIkXRlLBBmrc3nN7DFh5LGGhcyycO2S7FN8NmdvlcKaGFDNVL4/9kFLmwmInTavdJERA==",
            "license": "MIT",
            "dependencies": {
                "tslib": "^2.3.0"
            }
        }
    },
    "dependencies": {
        "tslib": {
            "version": "2.4.0"
        },
        "zone.js": {
            "version": "0.11.8",
            "resolved": "https://npm.b2bpolis.ru/zone.js/-/zone.js-0.11.8.tgz",
            "integrity": "sha512-82bctBg2hKcEJ21humWIkXRlLBBmrc3nN7DFh5LGGhcyycO2S7FN8NmdvlcKaGFDNVL4/9kFLmwmInTavdJERA==",
            "requires": {
                "tslib": "^2.3.0"
            }
        }
    }
}
